
Microsoft Visual Studio Solution File, Format Version 12.00
# Visual Studio Version 17
VisualStudioVersion = 17.3.32825.248
MinimumVisualStudioVersion = 10.0.40219.1
Project("{FAE04EC0-301F-11D3-BF4B-00C04F79EFBC}") = "01", "01\01.csproj", "{B3B8CC2F-5A49-4E17-B9BF-A09ADD70E12E}"
EndProject
Project("{FAE04EC0-301F-11D3-BF4B-00C04F79EFBC}") = "02", "02\02.csproj", "{DB8B75FC-160C-4F57-AB17-D11BA31A0F1F}"
EndProject
Project("{FAE04EC0-301F-11D3-BF4B-00C04F79EFBC}") = "03", "03\03.csproj", "{77C8D5B1-1C54-447E-BDA6-56340948765A}"
EndProject
Project("{FAE04EC0-301F-11D3-BF4B-00C04F79EFBC}") = "04", "04\04.csproj", "{358BDCDE-3D9B-49B8-81F1-87B94EAC6286}"
EndProject
Project("{FAE04EC0-301F-11D3-BF4B-00C04F79EFBC}") = "05", "05\05.csproj", "{590661A6-A93D-484A-9724-35EA6FE8AC72}"
EndProject
Global
	GlobalSection(SolutionConfigurationPlatforms) = preSolution
		Debug|Any CPU = Debug|Any CPU
		Release|Any CPU = Release|Any CPU
	EndGlobalSection
	GlobalSection(ProjectConfigurationPlatforms) = postSolution
		{B3B8CC2F-5A49-4E17-B9BF-A09ADD70E12E}.Debug|Any CPU.ActiveCfg = Debug|Any CPU
		{B3B8CC2F-5A49-4E17-B9BF-A09ADD70E12E}.Debug|Any CPU.Build.0 = Debug|Any CPU
		{B3B8CC2F-5A49-4E17-B9BF-A09ADD70E12E}.Release|Any CPU.ActiveCfg = Release|Any CPU
		{B3B8CC2F-5A49-4E17-B9BF-A09ADD70E12E}.Release|Any CPU.Build.0 = Release|Any CPU
		{DB8B75FC-160C-4F57-AB17-D11BA31A0F1F}.Debug|Any CPU.ActiveCfg = Debug|Any CPU
		{DB8B75FC-160C-4F57-AB17-D11BA31A0F1F}.Debug|Any CPU.Build.0 = Debug|Any CPU
		{DB8B75FC-160C-4F57-AB17-D11BA31A0F1F}.Release|Any CPU.ActiveCfg = Release|Any CPU
		{DB8B75FC-160C-4F57-AB17-D11BA31A0F1F}.Release|Any CPU.Build.0 = Release|Any CPU
		{77C8D5B1-1C54-447E-BDA6-56340948765A}.Debug|Any CPU.ActiveCfg = Debug|Any CPU
		{77C8D5B1-1C54-447E-BDA6-56340948765A}.Debug|Any CPU.Build.0 = Debug|Any CPU
		{77C8D5B1-1C54-447E-BDA6-56340948765A}.Release|Any CPU.ActiveCfg = Release|Any CPU
		{77C8D5B1-1C54-447E-BDA6-56340948765A}.Release|Any CPU.Build.0 = Release|Any CPU
		{358BDCDE-3D9B-49B8-81F1-87B94EAC6286}.Debug|Any CPU.ActiveCfg = Debug|Any CPU
		{358BDCDE-3D9B-49B8-81F1-87B94EAC6286}.Debug|Any CPU.Build.0 = Debug|Any CPU
		{358BDCDE-3D9B-49B8-81F1-87B94EAC6286}.Release|Any CPU.ActiveCfg = Release|Any CPU
		{358BDCDE-3D9B-49B8-81F1-87B94EAC6286}.Release|Any CPU.Build.0 = Release|Any CPU
		{590661A6-A93D-484A-9724-35EA6FE8AC72}.Debug|Any CPU.ActiveCfg = Debug|Any CPU
		{590661A6-A93D-484A-9724-35EA6FE8AC72}.Debug|Any CPU.Build.0 = Debug|Any CPU
		{590661A6-A93D-484A-9724-35EA6FE8AC72}.Release|Any CPU.ActiveCfg = Release|Any CPU
		{590661A6-A93D-484A-9724-35EA6FE8AC72}.Release|Any CPU.Build.0 = Release|Any CPU
	EndGlobalSection
	GlobalSection(SolutionProperties) = preSolution
		HideSolutionNode = FALSE
	EndGlobalSection
	GlobalSection(ExtensibilityGlobals) = postSolution
		SolutionGuid = {3031D0A9-01DC-4167-8C6F-92EA5A1F6259}
	EndGlobalSection
EndGlobal
